
Microsoft Visual Studio Solution File, Format Version 12.00
# Visual Studio Version 16
VisualStudioVersion = 16.0.29318.209
MinimumVisualStudioVersion = 10.0.40219.1
Project("{9A19103F-16F7-4668-BE54-9A1E7A4F7556}") = "IdentityServerWithIdentitySQLite", "IdentityServerWithIdentitySQLite\IdentityServerWithIdentitySQLite.csproj", "{7F6A675A-8B14-4433-A39F-BCBE4E184306}"
EndProject
Project("{2150E333-8FDC-42A3-9474-1A3956D46DE8}") = "Solution Items", "Solution Items", "{913AA2DC-8B9D-46E8-A6D4-D7FF0F773DC7}"
	ProjectSection(SolutionItems) = preProject
		README.md = README.md
	EndProjectSection
EndProject
Project("{9A19103F-16F7-4668-BE54-9A1E7A4F7556}") = "AspNetCoreMvcVueJs", "AspNetCoreMvcVueJs\AspNetCoreMvcVueJs.csproj", "{DF044187-2646-47F1-9A45-6DAA9556F54A}"
EndProject
Global
	GlobalSection(SolutionConfigurationPlatforms) = preSolution
		Debug|Any CPU = Debug|Any CPU
		Release|Any CPU = Release|Any CPU
	EndGlobalSection
	GlobalSection(ProjectConfigurationPlatforms) = postSolution
		{7F6A675A-8B14-4433-A39F-BCBE4E184306}.Debug|Any CPU.ActiveCfg = Debug|Any CPU
		{7F6A675A-8B14-4433-A39F-BCBE4E184306}.Debug|Any CPU.Build.0 = Debug|Any CPU
		{7F6A675A-8B14-4433-A39F-BCBE4E184306}.Release|Any CPU.ActiveCfg = Release|Any CPU
		{7F6A675A-8B14-4433-A39F-BCBE4E184306}.Release|Any CPU.Build.0 = Release|Any CPU
		{DF044187-2646-47F1-9A45-6DAA9556F54A}.Debug|Any CPU.ActiveCfg = Debug|Any CPU
		{DF044187-2646-47F1-9A45-6DAA9556F54A}.Debug|Any CPU.Build.0 = Debug|Any CPU
		{DF044187-2646-47F1-9A45-6DAA9556F54A}.Release|Any CPU.ActiveCfg = Release|Any CPU
		{DF044187-2646-47F1-9A45-6DAA9556F54A}.Release|Any CPU.Build.0 = Release|Any CPU
	EndGlobalSection
	GlobalSection(SolutionProperties) = preSolution
		HideSolutionNode = FALSE
	EndGlobalSection
	GlobalSection(ExtensibilityGlobals) = postSolution
		SolutionGuid = {692707D6-014C-48CB-A5FA-D926AC237985}
	EndGlobalSection
EndGlobal
